
Microsoft Visual Studio Solution File, Format Version 12.00
# Visual Studio 14
VisualStudioVersion = 14.0.25420.1
MinimumVisualStudioVersion = 10.0.40219.1
Project("{FAE04EC0-301F-11D3-BF4B-00C04F79EFBC}") = "DollarComputers-Assignment4", "DollarComputers-Assignment4\DollarComputers-Assignment4.csproj", "{C2F33B23-3735-469D-9705-1FCE6B27DD75}"
EndProject
Global
	GlobalSection(SolutionConfigurationPlatforms) = preSolution
		Debug|Any CPU = Debug|Any CPU
		Release|Any CPU = Release|Any CPU
	EndGlobalSection
	GlobalSection(ProjectConfigurationPlatforms) = postSolution
		{C2F33B23-3735-469D-9705-1FCE6B27DD75}.Debug|Any CPU.ActiveCfg = Debug|Any CPU
		{C2F33B23-3735-469D-9705-1FCE6B27DD75}.Debug|Any CPU.Build.0 = Debug|Any CPU
		{C2F33B23-3735-469D-9705-1FCE6B27DD75}.Release|Any CPU.ActiveCfg = Release|Any CPU
		{C2F33B23-3735-469D-9705-1FCE6B27DD75}.Release|Any CPU.Build.0 = Release|Any CPU
	EndGlobalSection
	GlobalSection(SolutionProperties) = preSolution
		HideSolutionNode = FALSE
	EndGlobalSection
EndGlobal
